
Microsoft Visual Studio Solution File, Format Version 12.00
# Visual Studio Version 16
VisualStudioVersion = 16.0.28803.352
MinimumVisualStudioVersion = 10.0.40219.1
Project("{2150E333-8FDC-42A3-9474-1A3956D46DE8}") = "src", "src", "{B92D5930-1A6A-42F2-8854-B92F67318EF6}"
EndProject
Project("{2150E333-8FDC-42A3-9474-1A3956D46DE8}") = "api", "api", "{00BF637A-F341-4A1B-9D78-51D3D6CD991B}"
EndProject
Project("{2150E333-8FDC-42A3-9474-1A3956D46DE8}") = "core", "core", "{06ADEFB6-9556-46FB-8CA9-C1891F562598}"
EndProject
Project("{2150E333-8FDC-42A3-9474-1A3956D46DE8}") = "dao", "dao", "{A6F3DE87-1EAD-4F08-B6A6-D772CED8CD1D}"
EndProject
Project("{FAE04EC0-301F-11D3-BF4B-00C04F79EFBC}") = "FMSystems.Cities.Rest.Server", "api\FMSystems.Cities.Rest.Server\FMSystems.Cities.Rest.Server.csproj", "{CF1E2B1D-8BD6-4418-84FC-B856B8B6C92A}"
EndProject
Project("{FAE04EC0-301F-11D3-BF4B-00C04F79EFBC}") = "FMSystems.Cities.Rest.Api", "api\FMSystems.Cities.Rest.Api\FMSystems.Cities.Rest.Api.csproj", "{2A0097FC-BAAD-4D91-AF87-C28B3DEFF880}"
EndProject
Project("{2150E333-8FDC-42A3-9474-1A3956D46DE8}") = "domain", "domain", "{F18C97CA-B321-4EBD-A50F-C46EFF7FC36E}"
EndProject
Project("{2150E333-8FDC-42A3-9474-1A3956D46DE8}") = "services", "services", "{C4F81ADE-EEE6-4B5A-BD7A-605DE0DA74A9}"
EndProject
Project("{2150E333-8FDC-42A3-9474-1A3956D46DE8}") = "tests", "tests", "{EBEE4BA8-3880-464F-83E6-8403A33B03A3}"
EndProject
Project("{2150E333-8FDC-42A3-9474-1A3956D46DE8}") = "api", "api", "{710222D3-BC8B-446D-835C-5229782253AA}"
EndProject
Project("{FAE04EC0-301F-11D3-BF4B-00C04F79EFBC}") = "FMSystems.Cities.Domain.Models", "FMSystems.Cities.Domain.Models\FMSystems.Cities.Domain.Models.csproj", "{9E5A54FE-89D1-461F-B856-D135E70BBC50}"
EndProject
Global
	GlobalSection(SolutionConfigurationPlatforms) = preSolution
		Debug|Any CPU = Debug|Any CPU
		Release|Any CPU = Release|Any CPU
	EndGlobalSection
	GlobalSection(ProjectConfigurationPlatforms) = postSolution
		{CF1E2B1D-8BD6-4418-84FC-B856B8B6C92A}.Debug|Any CPU.ActiveCfg = Debug|Any CPU
		{CF1E2B1D-8BD6-4418-84FC-B856B8B6C92A}.Debug|Any CPU.Build.0 = Debug|Any CPU
		{CF1E2B1D-8BD6-4418-84FC-B856B8B6C92A}.Release|Any CPU.ActiveCfg = Release|Any CPU
		{CF1E2B1D-8BD6-4418-84FC-B856B8B6C92A}.Release|Any CPU.Build.0 = Release|Any CPU
		{2A0097FC-BAAD-4D91-AF87-C28B3DEFF880}.Debug|Any CPU.ActiveCfg = Debug|Any CPU
		{2A0097FC-BAAD-4D91-AF87-C28B3DEFF880}.Debug|Any CPU.Build.0 = Debug|Any CPU
		{2A0097FC-BAAD-4D91-AF87-C28B3DEFF880}.Release|Any CPU.ActiveCfg = Release|Any CPU
		{2A0097FC-BAAD-4D91-AF87-C28B3DEFF880}.Release|Any CPU.Build.0 = Release|Any CPU
		{9E5A54FE-89D1-461F-B856-D135E70BBC50}.Debug|Any CPU.ActiveCfg = Debug|Any CPU
		{9E5A54FE-89D1-461F-B856-D135E70BBC50}.Debug|Any CPU.Build.0 = Debug|Any CPU
		{9E5A54FE-89D1-461F-B856-D135E70BBC50}.Release|Any CPU.ActiveCfg = Release|Any CPU
		{9E5A54FE-89D1-461F-B856-D135E70BBC50}.Release|Any CPU.Build.0 = Release|Any CPU
	EndGlobalSection
	GlobalSection(SolutionProperties) = preSolution
		HideSolutionNode = FALSE
	EndGlobalSection
	GlobalSection(NestedProjects) = preSolution
		{00BF637A-F341-4A1B-9D78-51D3D6CD991B} = {B92D5930-1A6A-42F2-8854-B92F67318EF6}
		{06ADEFB6-9556-46FB-8CA9-C1891F562598} = {B92D5930-1A6A-42F2-8854-B92F67318EF6}
		{A6F3DE87-1EAD-4F08-B6A6-D772CED8CD1D} = {B92D5930-1A6A-42F2-8854-B92F67318EF6}
		{CF1E2B1D-8BD6-4418-84FC-B856B8B6C92A} = {00BF637A-F341-4A1B-9D78-51D3D6CD991B}
		{2A0097FC-BAAD-4D91-AF87-C28B3DEFF880} = {00BF637A-F341-4A1B-9D78-51D3D6CD991B}
		{F18C97CA-B321-4EBD-A50F-C46EFF7FC36E} = {06ADEFB6-9556-46FB-8CA9-C1891F562598}
		{C4F81ADE-EEE6-4B5A-BD7A-605DE0DA74A9} = {06ADEFB6-9556-46FB-8CA9-C1891F562598}
		{710222D3-BC8B-446D-835C-5229782253AA} = {EBEE4BA8-3880-464F-83E6-8403A33B03A3}
		{9E5A54FE-89D1-461F-B856-D135E70BBC50} = {F18C97CA-B321-4EBD-A50F-C46EFF7FC36E}
	EndGlobalSection
	GlobalSection(ExtensibilityGlobals) = postSolution
		SolutionGuid = {7B89FA23-1A1E-4425-9D24-067234FAFF6B}
	EndGlobalSection
EndGlobal
